// !$*UTF8*$!
{
	archiveVersion = 1;
	classes = {
	};
	objectVersion = 56;
	objects = {

/* Begin PBXBuildFile section */
		9C9C2E2A2C3C7C2A004DEFBD /* GithubUsersApp.swift in Sources */ = {isa = PBXBuildFile; fileRef = 9C9C2E292C3C7C2A004DEFBD /* GithubUsersApp.swift */; };
		9C9C2E2E2C3C7C2C004DEFBD /* Assets.xcassets in Resources */ = {isa = PBXBuildFile; fileRef = 9C9C2E2D2C3C7C2C004DEFBD /* Assets.xcassets */; };
		9C9C2E312C3C7C2C004DEFBD /* Preview Assets.xcassets in Resources */ = {isa = PBXBuildFile; fileRef = 9C9C2E302C3C7C2C004DEFBD /* Preview Assets.xcassets */; };
		9C9C2E3B2C3C7C2D004DEFBD /* github_usersTests.swift in Sources */ = {isa = PBXBuildFile; fileRef = 9C9C2E3A2C3C7C2D004DEFBD /* github_usersTests.swift */; };
		9C9C2E452C3C7C2D004DEFBD /* github_usersUITests.swift in Sources */ = {isa = PBXBuildFile; fileRef = 9C9C2E442C3C7C2D004DEFBD /* github_usersUITests.swift */; };
		9C9C2E472C3C7C2D004DEFBD /* github_usersUITestsLaunchTests.swift in Sources */ = {isa = PBXBuildFile; fileRef = 9C9C2E462C3C7C2D004DEFBD /* github_usersUITestsLaunchTests.swift */; };
		9C9C2E582C3C7CD2004DEFBD /* User.swift in Sources */ = {isa = PBXBuildFile; fileRef = 9C9C2E572C3C7CD2004DEFBD /* User.swift */; };
		9C9C2E722C3D046D004DEFBD /* UserListViewModel.swift in Sources */ = {isa = PBXBuildFile; fileRef = 9C9C2E712C3D046D004DEFBD /* UserListViewModel.swift */; };
		9C9C2E742C3D04EF004DEFBD /* UserDetailsViewModel.swift in Sources */ = {isa = PBXBuildFile; fileRef = 9C9C2E732C3D04EF004DEFBD /* UserDetailsViewModel.swift */; };
		9C9C2E762C3D050E004DEFBD /* UserListScreen.swift in Sources */ = {isa = PBXBuildFile; fileRef = 9C9C2E752C3D050E004DEFBD /* UserListScreen.swift */; };
		9C9C2E782C3D053B004DEFBD /* UserDetailsScreen.swift in Sources */ = {isa = PBXBuildFile; fileRef = 9C9C2E772C3D053B004DEFBD /* UserDetailsScreen.swift */; };
		9C9C2E802C3D064F004DEFBD /* AppScreen.swift in Sources */ = {isa = PBXBuildFile; fileRef = 9C9C2E7F2C3D064F004DEFBD /* AppScreen.swift */; };
		9C9C2E842C3D773A004DEFBD /* CoordinatorView.swift in Sources */ = {isa = PBXBuildFile; fileRef = 9C9C2E832C3D773A004DEFBD /* CoordinatorView.swift */; };
/* End PBXBuildFile section */

/* Begin PBXContainerItemProxy section */
		9C9C2E372C3C7C2D004DEFBD /* PBXContainerItemProxy */ = {
			isa = PBXContainerItemProxy;
			containerPortal = 9C9C2E1E2C3C7C2A004DEFBD /* Project object */;
			proxyType = 1;
			remoteGlobalIDString = 9C9C2E252C3C7C2A004DEFBD;
			remoteInfo = github_users;
		};
		9C9C2E412C3C7C2D004DEFBD /* PBXContainerItemProxy */ = {
			isa = PBXContainerItemProxy;
			containerPortal = 9C9C2E1E2C3C7C2A004DEFBD /* Project object */;
			proxyType = 1;
			remoteGlobalIDString = 9C9C2E252C3C7C2A004DEFBD;
			remoteInfo = github_users;
		};
/* End PBXContainerItemProxy section */

/* Begin PBXFileReference section */
		9C9C2E262C3C7C2A004DEFBD /* github_users.app */ = {isa = PBXFileReference; explicitFileType = wrapper.application; includeInIndex = 0; path = github_users.app; sourceTree = BUILT_PRODUCTS_DIR; };
		9C9C2E292C3C7C2A004DEFBD /* GithubUsersApp.swift */ = {isa = PBXFileReference; lastKnownFileType = sourcecode.swift; path = GithubUsersApp.swift; sourceTree = "<group>"; };
		9C9C2E2D2C3C7C2C004DEFBD /* Assets.xcassets */ = {isa = PBXFileReference; lastKnownFileType = folder.assetcatalog; path = Assets.xcassets; sourceTree = "<group>"; };
		9C9C2E302C3C7C2C004DEFBD /* Preview Assets.xcassets */ = {isa = PBXFileReference; lastKnownFileType = folder.assetcatalog; path = "Preview Assets.xcassets"; sourceTree = "<group>"; };
		9C9C2E362C3C7C2D004DEFBD /* github_usersTests.xctest */ = {isa = PBXFileReference; explicitFileType = wrapper.cfbundle; includeInIndex = 0; path = github_usersTests.xctest; sourceTree = BUILT_PRODUCTS_DIR; };
		9C9C2E3A2C3C7C2D004DEFBD /* github_usersTests.swift */ = {isa = PBXFileReference; lastKnownFileType = sourcecode.swift; path = github_usersTests.swift; sourceTree = "<group>"; };
		9C9C2E402C3C7C2D004DEFBD /* github_usersUITests.xctest */ = {isa = PBXFileReference; explicitFileType = wrapper.cfbundle; includeInIndex = 0; path = github_usersUITests.xctest; sourceTree = BUILT_PRODUCTS_DIR; };
		9C9C2E442C3C7C2D004DEFBD /* github_usersUITests.swift */ = {isa = PBXFileReference; lastKnownFileType = sourcecode.swift; path = github_usersUITests.swift; sourceTree = "<group>"; };
		9C9C2E462C3C7C2D004DEFBD /* github_usersUITestsLaunchTests.swift */ = {isa = PBXFileReference; lastKnownFileType = sourcecode.swift; path = github_usersUITestsLaunchTests.swift; sourceTree = "<group>"; };
		9C9C2E572C3C7CD2004DEFBD /* User.swift */ = {isa = PBXFileReference; lastKnownFileType = sourcecode.swift; path = User.swift; sourceTree = "<group>"; };
		9C9C2E712C3D046D004DEFBD /* UserListViewModel.swift */ = {isa = PBXFileReference; lastKnownFileType = sourcecode.swift; path = UserListViewModel.swift; sourceTree = "<group>"; };
		9C9C2E732C3D04EF004DEFBD /* UserDetailsViewModel.swift */ = {isa = PBXFileReference; lastKnownFileType = sourcecode.swift; path = UserDetailsViewModel.swift; sourceTree = "<group>"; };
		9C9C2E752C3D050E004DEFBD /* UserListScreen.swift */ = {isa = PBXFileReference; lastKnownFileType = sourcecode.swift; path = UserListScreen.swift; sourceTree = "<group>"; };
		9C9C2E772C3D053B004DEFBD /* UserDetailsScreen.swift */ = {isa = PBXFileReference; lastKnownFileType = sourcecode.swift; path = UserDetailsScreen.swift; sourceTree = "<group>"; };
		9C9C2E7F2C3D064F004DEFBD /* AppScreen.swift */ = {isa = PBXFileReference; lastKnownFileType = sourcecode.swift; path = AppScreen.swift; sourceTree = "<group>"; };
		9C9C2E832C3D773A004DEFBD /* CoordinatorView.swift */ = {isa = PBXFileReference; lastKnownFileType = sourcecode.swift; path = CoordinatorView.swift; sourceTree = "<group>"; };
/* End PBXFileReference section */

/* Begin PBXFrameworksBuildPhase section */
		9C9C2E232C3C7C2A004DEFBD /* Frameworks */ = {
			isa = PBXFrameworksBuildPhase;
			buildActionMask = 2147483647;
			files = (
			);
			runOnlyForDeploymentPostprocessing = 0;
		};
		9C9C2E332C3C7C2D004DEFBD /* Frameworks */ = {
			isa = PBXFrameworksBuildPhase;
			buildActionMask = 2147483647;
			files = (
			);
			runOnlyForDeploymentPostprocessing = 0;
		};
		9C9C2E3D2C3C7C2D004DEFBD /* Frameworks */ = {
			isa = PBXFrameworksBuildPhase;
			buildActionMask = 2147483647;
			files = (
			);
			runOnlyForDeploymentPostprocessing = 0;
		};
/* End PBXFrameworksBuildPhase section */

/* Begin PBXGroup section */
		9C9C2E1D2C3C7C2A004DEFBD = {
			isa = PBXGroup;
			children = (
				9C9C2E282C3C7C2A004DEFBD /* github_users */,
				9C9C2E392C3C7C2D004DEFBD /* github_usersTests */,
				9C9C2E432C3C7C2D004DEFBD /* github_usersUITests */,
				9C9C2E272C3C7C2A004DEFBD /* Products */,
			);
			sourceTree = "<group>";
		};
		9C9C2E272C3C7C2A004DEFBD /* Products */ = {
			isa = PBXGroup;
			children = (
				9C9C2E262C3C7C2A004DEFBD /* github_users.app */,
				9C9C2E362C3C7C2D004DEFBD /* github_usersTests.xctest */,
				9C9C2E402C3C7C2D004DEFBD /* github_usersUITests.xctest */,
			);
			name = Products;
			sourceTree = "<group>";
		};
		9C9C2E282C3C7C2A004DEFBD /* github_users */ = {
			isa = PBXGroup;
			children = (
				9C9C2E6C2C3D0373004DEFBD /* UserDetails */,
				9C9C2E6B2C3D0361004DEFBD /* UserList */,
				9C9C2E562C3C7CC1004DEFBD /* Models */,
				9C9C2E532C3C7C85004DEFBD /* Coordinator */,
				9C9C2E292C3C7C2A004DEFBD /* GithubUsersApp.swift */,
				9C9C2E2D2C3C7C2C004DEFBD /* Assets.xcassets */,
				9C9C2E2F2C3C7C2C004DEFBD /* Preview Content */,
			);
			path = github_users;
			sourceTree = "<group>";
		};
		9C9C2E2F2C3C7C2C004DEFBD /* Preview Content */ = {
			isa = PBXGroup;
			children = (
				9C9C2E302C3C7C2C004DEFBD /* Preview Assets.xcassets */,
			);
			path = "Preview Content";
			sourceTree = "<group>";
		};
		9C9C2E392C3C7C2D004DEFBD /* github_usersTests */ = {
			isa = PBXGroup;
			children = (
				9C9C2E3A2C3C7C2D004DEFBD /* github_usersTests.swift */,
			);
			path = github_usersTests;
			sourceTree = "<group>";
		};
		9C9C2E432C3C7C2D004DEFBD /* github_usersUITests */ = {
			isa = PBXGroup;
			children = (
				9C9C2E442C3C7C2D004DEFBD /* github_usersUITests.swift */,
				9C9C2E462C3C7C2D004DEFBD /* github_usersUITestsLaunchTests.swift */,
			);
			path = github_usersUITests;
			sourceTree = "<group>";
		};
		9C9C2E532C3C7C85004DEFBD /* Coordinator */ = {
			isa = PBXGroup;
			children = (
				9C9C2E7F2C3D064F004DEFBD /* AppScreen.swift */,
				9C9C2E832C3D773A004DEFBD /* CoordinatorView.swift */,
			);
			path = Coordinator;
			sourceTree = "<group>";
		};
		9C9C2E562C3C7CC1004DEFBD /* Models */ = {
			isa = PBXGroup;
			children = (
				9C9C2E572C3C7CD2004DEFBD /* User.swift */,
			);
			path = Models;
			sourceTree = "<group>";
		};
		9C9C2E6B2C3D0361004DEFBD /* UserList */ = {
			isa = PBXGroup;
			children = (
				9C9C2E712C3D046D004DEFBD /* UserListViewModel.swift */,
				9C9C2E752C3D050E004DEFBD /* UserListScreen.swift */,
			);
			path = UserList;
			sourceTree = "<group>";
		};
		9C9C2E6C2C3D0373004DEFBD /* UserDetails */ = {
			isa = PBXGroup;
			children = (
				9C9C2E732C3D04EF004DEFBD /* UserDetailsViewModel.swift */,
				9C9C2E772C3D053B004DEFBD /* UserDetailsScreen.swift */,
			);
			path = UserDetails;
			sourceTree = "<group>";
		};
/* End PBXGroup section */

/* Begin PBXNativeTarget section */
		9C9C2E252C3C7C2A004DEFBD /* github_users */ = {
			isa = PBXNativeTarget;
			buildConfigurationList = 9C9C2E4A2C3C7C2D004DEFBD /* Build configuration list for PBXNativeTarget "github_users" */;
			buildPhases = (
				9C9C2E222C3C7C2A004DEFBD /* Sources */,
				9C9C2E232C3C7C2A004DEFBD /* Frameworks */,
				9C9C2E242C3C7C2A004DEFBD /* Resources */,
			);
			buildRules = (
			);
			dependencies = (
			);
			name = github_users;
			productName = github_users;
			productReference = 9C9C2E262C3C7C2A004DEFBD /* github_users.app */;
			productType = "com.apple.product-type.application";
		};
		9C9C2E352C3C7C2D004DEFBD /* github_usersTests */ = {
			isa = PBXNativeTarget;
			buildConfigurationList = 9C9C2E4D2C3C7C2D004DEFBD /* Build configuration list for PBXNativeTarget "github_usersTests" */;
			buildPhases = (
				9C9C2E322C3C7C2D004DEFBD /* Sources */,
				9C9C2E332C3C7C2D004DEFBD /* Frameworks */,
				9C9C2E342C3C7C2D004DEFBD /* Resources */,
			);
			buildRules = (
			);
			dependencies = (
				9C9C2E382C3C7C2D004DEFBD /* PBXTargetDependency */,
			);
			name = github_usersTests;
			productName = github_usersTests;
			productReference = 9C9C2E362C3C7C2D004DEFBD /* github_usersTests.xctest */;
			productType = "com.apple.product-type.bundle.unit-test";
		};
		9C9C2E3F2C3C7C2D004DEFBD /* github_usersUITests */ = {
			isa = PBXNativeTarget;
			buildConfigurationList = 9C9C2E502C3C7C2D004DEFBD /* Build configuration list for PBXNativeTarget "github_usersUITests" */;
			buildPhases = (
				9C9C2E3C2C3C7C2D004DEFBD /* Sources */,
				9C9C2E3D2C3C7C2D004DEFBD /* Frameworks */,
				9C9C2E3E2C3C7C2D004DEFBD /* Resources */,
			);
			buildRules = (
			);
			dependencies = (
				9C9C2E422C3C7C2D004DEFBD /* PBXTargetDependency */,
			);
			name = github_usersUITests;
			productName = github_usersUITests;
			productReference = 9C9C2E402C3C7C2D004DEFBD /* github_usersUITests.xctest */;
			productType = "com.apple.product-type.bundle.ui-testing";
		};
/* End PBXNativeTarget section */

/* Begin PBXProject section */
		9C9C2E1E2C3C7C2A004DEFBD /* Project object */ = {
			isa = PBXProject;
			attributes = {
				BuildIndependentTargetsInParallel = 1;
				LastSwiftUpdateCheck = 1540;
				LastUpgradeCheck = 1540;
				TargetAttributes = {
					9C9C2E252C3C7C2A004DEFBD = {
						CreatedOnToolsVersion = 15.4;
					};
					9C9C2E352C3C7C2D004DEFBD = {
						CreatedOnToolsVersion = 15.4;
						TestTargetID = 9C9C2E252C3C7C2A004DEFBD;
					};
					9C9C2E3F2C3C7C2D004DEFBD = {
						CreatedOnToolsVersion = 15.4;
						TestTargetID = 9C9C2E252C3C7C2A004DEFBD;
					};
				};
			};
			buildConfigurationList = 9C9C2E212C3C7C2A004DEFBD /* Build configuration list for PBXProject "github_users" */;
			compatibilityVersion = "Xcode 14.0";
			developmentRegion = en;
			hasScannedForEncodings = 0;
			knownRegions = (
				en,
				Base,
			);
			mainGroup = 9C9C2E1D2C3C7C2A004DEFBD;
			productRefGroup = 9C9C2E272C3C7C2A004DEFBD /* Products */;
			projectDirPath = "";
			projectRoot = "";
			targets = (
				9C9C2E252C3C7C2A004DEFBD /* github_users */,
				9C9C2E352C3C7C2D004DEFBD /* github_usersTests */,
				9C9C2E3F2C3C7C2D004DEFBD /* github_usersUITests */,
			);
		};
/* End PBXProject section */

/* Begin PBXResourcesBuildPhase section */
		9C9C2E242C3C7C2A004DEFBD /* Resources */ = {
			isa = PBXResourcesBuildPhase;
			buildActionMask = 2147483647;
			files = (
				9C9C2E312C3C7C2C004DEFBD /* Preview Assets.xcassets in Resources */,
				9C9C2E2E2C3C7C2C004DEFBD /* Assets.xcassets in Resources */,
			);
			runOnlyForDeploymentPostprocessing = 0;
		};
		9C9C2E342C3C7C2D004DEFBD /* Resources */ = {
			isa = PBXResourcesBuildPhase;
			buildActionMask = 2147483647;
			files = (
			);
			runOnlyForDeploymentPostprocessing = 0;
		};
		9C9C2E3E2C3C7C2D004DEFBD /* Resources */ = {
			isa = PBXResourcesBuildPhase;
			buildActionMask = 2147483647;
			files = (
			);
			runOnlyForDeploymentPostprocessing = 0;
		};
/* End PBXResourcesBuildPhase section */

/* Begin PBXSourcesBuildPhase section */
		9C9C2E222C3C7C2A004DEFBD /* Sources */ = {
			isa = PBXSourcesBuildPhase;
			buildActionMask = 2147483647;
			files = (
				9C9C2E722C3D046D004DEFBD /* UserListViewModel.swift in Sources */,
				9C9C2E762C3D050E004DEFBD /* UserListScreen.swift in Sources */,
				9C9C2E582C3C7CD2004DEFBD /* User.swift in Sources */,
				9C9C2E802C3D064F004DEFBD /* AppScreen.swift in Sources */,
				9C9C2E2A2C3C7C2A004DEFBD /* GithubUsersApp.swift in Sources */,
				9C9C2E742C3D04EF004DEFBD /* UserDetailsViewModel.swift in Sources */,
				9C9C2E842C3D773A004DEFBD /* CoordinatorView.swift in Sources */,
				9C9C2E782C3D053B004DEFBD /* UserDetailsScreen.swift in Sources */,
			);
			runOnlyForDeploymentPostprocessing = 0;
		};
		9C9C2E322C3C7C2D004DEFBD /* Sources */ = {
			isa = PBXSourcesBuildPhase;
			buildActionMask = 2147483647;
			files = (
				9C9C2E3B2C3C7C2D004DEFBD /* github_usersTests.swift in Sources */,
			);
			runOnlyForDeploymentPostprocessing = 0;
		};
		9C9C2E3C2C3C7C2D004DEFBD /* Sources */ = {
			isa = PBXSourcesBuildPhase;
			buildActionMask = 2147483647;
			files = (
				9C9C2E472C3C7C2D004DEFBD /* github_usersUITestsLaunchTests.swift in Sources */,
				9C9C2E452C3C7C2D004DEFBD /* github_usersUITests.swift in Sources */,
			);
			runOnlyForDeploymentPostprocessing = 0;
		};
/* End PBXSourcesBuildPhase section */

/* Begin PBXTargetDependency section */
		9C9C2E382C3C7C2D004DEFBD /* PBXTargetDependency */ = {
			isa = PBXTargetDependency;
			target = 9C9C2E252C3C7C2A004DEFBD /* github_users */;
			targetProxy = 9C9C2E372C3C7C2D004DEFBD /* PBXContainerItemProxy */;
		};
		9C9C2E422C3C7C2D004DEFBD /* PBXTargetDependency */ = {
			isa = PBXTargetDependency;
			target = 9C9C2E252C3C7C2A004DEFBD /* github_users */;
			targetProxy = 9C9C2E412C3C7C2D004DEFBD /* PBXContainerItemProxy */;
		};
/* End PBXTargetDependency section */

/* Begin XCBuildConfiguration section */
		9C9C2E482C3C7C2D004DEFBD /* Debug */ = {
			isa = XCBuildConfiguration;
			buildSettings = {
				ALWAYS_SEARCH_USER_PATHS = NO;
				ASSETCATALOG_COMPILER_GENERATE_SWIFT_ASSET_SYMBOL_EXTENSIONS = YES;
				CLANG_ANALYZER_NONNULL = YES;
				CLANG_ANALYZER_NUMBER_OBJECT_CONVERSION = YES_AGGRESSIVE;
				CLANG_CXX_LANGUAGE_STANDARD = "gnu++20";
				CLANG_ENABLE_MODULES = YES;
				CLANG_ENABLE_OBJC_ARC = YES;
				CLANG_ENABLE_OBJC_WEAK = YES;
				CLANG_WARN_BLOCK_CAPTURE_AUTORELEASING = YES;
				CLANG_WARN_BOOL_CONVERSION = YES;
				CLANG_WARN_COMMA = YES;
				CLANG_WARN_CONSTANT_CONVERSION = YES;
				CLANG_WARN_DEPRECATED_OBJC_IMPLEMENTATIONS = YES;
				CLANG_WARN_DIRECT_OBJC_ISA_USAGE = YES_ERROR;
				CLANG_WARN_DOCUMENTATION_COMMENTS = YES;
				CLANG_WARN_EMPTY_BODY = YES;
				CLANG_WARN_ENUM_CONVERSION = YES;
				CLANG_WARN_INFINITE_RECURSION = YES;
				CLANG_WARN_INT_CONVERSION = YES;
				CLANG_WARN_NON_LITERAL_NULL_CONVERSION = YES;
				CLANG_WARN_OBJC_IMPLICIT_RETAIN_SELF = YES;
				CLANG_WARN_OBJC_LITERAL_CONVERSION = YES;
				CLANG_WARN_OBJC_ROOT_CLASS = YES_ERROR;
				CLANG_WARN_QUOTED_INCLUDE_IN_FRAMEWORK_HEADER = YES;
				CLANG_WARN_RANGE_LOOP_ANALYSIS = YES;
				CLANG_WARN_STRICT_PROTOTYPES = YES;
				CLANG_WARN_SUSPICIOUS_MOVE = YES;
				CLANG_WARN_UNGUARDED_AVAILABILITY = YES_AGGRESSIVE;
				CLANG_WARN_UNREACHABLE_CODE = YES;
				CLANG_WARN__DUPLICATE_METHOD_MATCH = YES;
				COPY_PHASE_STRIP = NO;
				DEBUG_INFORMATION_FORMAT = dwarf;
				ENABLE_STRICT_OBJC_MSGSEND = YES;
				ENABLE_TESTABILITY = YES;
				ENABLE_USER_SCRIPT_SANDBOXING = YES;
				GCC_C_LANGUAGE_STANDARD = gnu17;
				GCC_DYNAMIC_NO_PIC = NO;
				GCC_NO_COMMON_BLOCKS = YES;
				GCC_OPTIMIZATION_LEVEL = 0;
				GCC_PREPROCESSOR_DEFINITIONS = (
					"DEBUG=1",
					"$(inherited)",
				);
				GCC_WARN_64_TO_32_BIT_CONVERSION = YES;
				GCC_WARN_ABOUT_RETURN_TYPE = YES_ERROR;
				GCC_WARN_UNDECLARED_SELECTOR = YES;
				GCC_WARN_UNINITIALIZED_AUTOS = YES_AGGRESSIVE;
				GCC_WARN_UNUSED_FUNCTION = YES;
				GCC_WARN_UNUSED_VARIABLE = YES;
				IPHONEOS_DEPLOYMENT_TARGET = 17.5;
				LOCALIZATION_PREFERS_STRING_CATALOGS = YES;
				MTL_ENABLE_DEBUG_INFO = INCLUDE_SOURCE;
				MTL_FAST_MATH = YES;
				ONLY_ACTIVE_ARCH = YES;
				SDKROOT = iphoneos;
				SWIFT_ACTIVE_COMPILATION_CONDITIONS = "DEBUG $(inherited)";
				SWIFT_OPTIMIZATION_LEVEL = "-Onone";
			};
			name = Debug;
		};
		9C9C2E492C3C7C2D004DEFBD /* Release */ = {
			isa = XCBuildConfiguration;
			buildSettings = {
				ALWAYS_SEARCH_USER_PATHS = NO;
				ASSETCATALOG_COMPILER_GENERATE_SWIFT_ASSET_SYMBOL_EXTENSIONS = YES;
				CLANG_ANALYZER_NONNULL = YES;
				CLANG_ANALYZER_NUMBER_OBJECT_CONVERSION = YES_AGGRESSIVE;
				CLANG_CXX_LANGUAGE_STANDARD = "gnu++20";
				CLANG_ENABLE_MODULES = YES;
				CLANG_ENABLE_OBJC_ARC = YES;
				CLANG_ENABLE_OBJC_WEAK = YES;
				CLANG_WARN_BLOCK_CAPTURE_AUTORELEASING = YES;
				CLANG_WARN_BOOL_CONVERSION = YES;
				CLANG_WARN_COMMA = YES;
				CLANG_WARN_CONSTANT_CONVERSION = YES;
				CLANG_WARN_DEPRECATED_OBJC_IMPLEMENTATIONS = YES;
				CLANG_WARN_DIRECT_OBJC_ISA_USAGE = YES_ERROR;
				CLANG_WARN_DOCUMENTATION_COMMENTS = YES;
				CLANG_WARN_EMPTY_BODY = YES;
				CLANG_WARN_ENUM_CONVERSION = YES;
				CLANG_WARN_INFINITE_RECURSION = YES;
				CLANG_WARN_INT_CONVERSION = YES;
				CLANG_WARN_NON_LITERAL_NULL_CONVERSION = YES;
				CLANG_WARN_OBJC_IMPLICIT_RETAIN_SELF = YES;
				CLANG_WARN_OBJC_LITERAL_CONVERSION = YES;
				CLANG_WARN_OBJC_ROOT_CLASS = YES_ERROR;
				CLANG_WARN_QUOTED_INCLUDE_IN_FRAMEWORK_HEADER = YES;
				CLANG_WARN_RANGE_LOOP_ANALYSIS = YES;
				CLANG_WARN_STRICT_PROTOTYPES = YES;
				CLANG_WARN_SUSPICIOUS_MOVE = YES;
				CLANG_WARN_UNGUARDED_AVAILABILITY = YES_AGGRESSIVE;
				CLANG_WARN_UNREACHABLE_CODE = YES;
				CLANG_WARN__DUPLICATE_METHOD_MATCH = YES;
				COPY_PHASE_STRIP = NO;
				DEBUG_INFORMATION_FORMAT = "dwarf-with-dsym";
				ENABLE_NS_ASSERTIONS = NO;
				ENABLE_STRICT_OBJC_MSGSEND = YES;
				ENABLE_USER_SCRIPT_SANDBOXING = YES;
				GCC_C_LANGUAGE_STANDARD = gnu17;
				GCC_NO_COMMON_BLOCKS = YES;
				GCC_WARN_64_TO_32_BIT_CONVERSION = YES;
				GCC_WARN_ABOUT_RETURN_TYPE = YES_ERROR;
				GCC_WARN_UNDECLARED_SELECTOR = YES;
				GCC_WARN_UNINITIALIZED_AUTOS = YES_AGGRESSIVE;
				GCC_WARN_UNUSED_FUNCTION = YES;
				GCC_WARN_UNUSED_VARIABLE = YES;
				IPHONEOS_DEPLOYMENT_TARGET = 17.5;
				LOCALIZATION_PREFERS_STRING_CATALOGS = YES;
				MTL_ENABLE_DEBUG_INFO = NO;
				MTL_FAST_MATH = YES;
				SDKROOT = iphoneos;
				SWIFT_COMPILATION_MODE = wholemodule;
				VALIDATE_PRODUCT = YES;
			};
			name = Release;
		};
		9C9C2E4B2C3C7C2D004DEFBD /* Debug */ = {
			isa = XCBuildConfiguration;
			buildSettings = {
				ASSETCATALOG_COMPILER_APPICON_NAME = AppIcon;
				ASSETCATALOG_COMPILER_GLOBAL_ACCENT_COLOR_NAME = AccentColor;
				CODE_SIGN_STYLE = Automatic;
				CURRENT_PROJECT_VERSION = 1;
				DEVELOPMENT_ASSET_PATHS = "\"github_users/Preview Content\"";
				ENABLE_PREVIEWS = YES;
				GENERATE_INFOPLIST_FILE = YES;
				INFOPLIST_KEY_UIApplicationSceneManifest_Generation = YES;
				INFOPLIST_KEY_UIApplicationSupportsIndirectInputEvents = YES;
				INFOPLIST_KEY_UILaunchScreen_Generation = YES;
				INFOPLIST_KEY_UISupportedInterfaceOrientations_iPad = "UIInterfaceOrientationPortrait UIInterfaceOrientationPortraitUpsideDown UIInterfaceOrientationLandscapeLeft UIInterfaceOrientationLandscapeRight";
				INFOPLIST_KEY_UISupportedInterfaceOrientations_iPhone = "UIInterfaceOrientationPortrait UIInterfaceOrientationLandscapeLeft UIInterfaceOrientationLandscapeRight";
				LD_RUNPATH_SEARCH_PATHS = (
					"$(inherited)",
					"@executable_path/Frameworks",
				);
				MARKETING_VERSION = 1.0;
				PRODUCT_BUNDLE_IDENTIFIER = "com.pritam.github-users";
				PRODUCT_NAME = "$(TARGET_NAME)";
				SWIFT_EMIT_LOC_STRINGS = YES;
				SWIFT_VERSION = 5.0;
				TARGETED_DEVICE_FAMILY = "1,2";
			};
			name = Debug;
		};
		9C9C2E4C2C3C7C2D004DEFBD /* Release */ = {
			isa = XCBuildConfiguration;
			buildSettings = {
				ASSETCATALOG_COMPILER_APPICON_NAME = AppIcon;
				ASSETCATALOG_COMPILER_GLOBAL_ACCENT_COLOR_NAME = AccentColor;
				CODE_SIGN_STYLE = Automatic;
				CURRENT_PROJECT_VERSION = 1;
				DEVELOPMENT_ASSET_PATHS = "\"github_users/Preview Content\"";
				ENABLE_PREVIEWS = YES;
				GENERATE_INFOPLIST_FILE = YES;
				INFOPLIST_KEY_UIApplicationSceneManifest_Generation = YES;
				INFOPLIST_KEY_UIApplicationSupportsIndirectInputEvents = YES;
				INFOPLIST_KEY_UILaunchScreen_Generation = YES;
				INFOPLIST_KEY_UISupportedInterfaceOrientations_iPad = "UIInterfaceOrientationPortrait UIInterfaceOrientationPortraitUpsideDown UIInterfaceOrientationLandscapeLeft UIInterfaceOrientationLandscapeRight";
				INFOPLIST_KEY_UISupportedInterfaceOrientations_iPhone = "UIInterfaceOrientationPortrait UIInterfaceOrientationLandscapeLeft UIInterfaceOrientationLandscapeRight";
				LD_RUNPATH_SEARCH_PATHS = (
					"$(inherited)",
					"@executable_path/Frameworks",
				);
				MARKETING_VERSION = 1.0;
				PRODUCT_BUNDLE_IDENTIFIER = "com.pritam.github-users";
				PRODUCT_NAME = "$(TARGET_NAME)";
				SWIFT_EMIT_LOC_STRINGS = YES;
				SWIFT_VERSION = 5.0;
				TARGETED_DEVICE_FAMILY = "1,2";
			};
			name = Release;
		};
		9C9C2E4E2C3C7C2D004DEFBD /* Debug */ = {
			isa = XCBuildConfiguration;
			buildSettings = {
				ALWAYS_EMBED_SWIFT_STANDARD_LIBRARIES = YES;
				BUNDLE_LOADER = "$(TEST_HOST)";
				CODE_SIGN_STYLE = Automatic;
				CURRENT_PROJECT_VERSION = 1;
				GENERATE_INFOPLIST_FILE = YES;
				IPHONEOS_DEPLOYMENT_TARGET = 17.5;
				MARKETING_VERSION = 1.0;
				PRODUCT_BUNDLE_IDENTIFIER = "com.pritam.github-usersTests";
				PRODUCT_NAME = "$(TARGET_NAME)";
				SWIFT_EMIT_LOC_STRINGS = NO;
				SWIFT_VERSION = 5.0;
				TARGETED_DEVICE_FAMILY = "1,2";
				TEST_HOST = "$(BUILT_PRODUCTS_DIR)/github_users.app/$(BUNDLE_EXECUTABLE_FOLDER_PATH)/github_users";
			};
			name = Debug;
		};
		9C9C2E4F2C3C7C2D004DEFBD /* Release */ = {
			isa = XCBuildConfiguration;
			buildSettings = {
				ALWAYS_EMBED_SWIFT_STANDARD_LIBRARIES = YES;
				BUNDLE_LOADER = "$(TEST_HOST)";
				CODE_SIGN_STYLE = Automatic;
				CURRENT_PROJECT_VERSION = 1;
				GENERATE_INFOPLIST_FILE = YES;
				IPHONEOS_DEPLOYMENT_TARGET = 17.5;
				MARKETING_VERSION = 1.0;
				PRODUCT_BUNDLE_IDENTIFIER = "com.pritam.github-usersTests";
				PRODUCT_NAME = "$(TARGET_NAME)";
				SWIFT_EMIT_LOC_STRINGS = NO;
				SWIFT_VERSION = 5.0;
				TARGETED_DEVICE_FAMILY = "1,2";
				TEST_HOST = "$(BUILT_PRODUCTS_DIR)/github_users.app/$(BUNDLE_EXECUTABLE_FOLDER_PATH)/github_users";
			};
			name = Release;
		};
		9C9C2E512C3C7C2D004DEFBD /* Debug */ = {
			isa = XCBuildConfiguration;
			buildSettings = {
				ALWAYS_EMBED_SWIFT_STANDARD_LIBRARIES = YES;
				CODE_SIGN_STYLE = Automatic;
				CURRENT_PROJECT_VERSION = 1;
				GENERATE_INFOPLIST_FILE = YES;
				MARKETING_VERSION = 1.0;
				PRODUCT_BUNDLE_IDENTIFIER = "com.pritam.github-usersUITests";
				PRODUCT_NAME = "$(TARGET_NAME)";
				SWIFT_EMIT_LOC_STRINGS = NO;
				SWIFT_VERSION = 5.0;
				TARGETED_DEVICE_FAMILY = "1,2";
				TEST_TARGET_NAME = github_users;
			};
			name = Debug;
		};
		9C9C2E522C3C7C2D004DEFBD /* Release */ = {
			isa = XCBuildConfiguration;
			buildSettings = {
				ALWAYS_EMBED_SWIFT_STANDARD_LIBRARIES = YES;
				CODE_SIGN_STYLE = Automatic;
				CURRENT_PROJECT_VERSION = 1;
				GENERATE_INFOPLIST_FILE = YES;
				MARKETING_VERSION = 1.0;
				PRODUCT_BUNDLE_IDENTIFIER = "com.pritam.github-usersUITests";
				PRODUCT_NAME = "$(TARGET_NAME)";
				SWIFT_EMIT_LOC_STRINGS = NO;
				SWIFT_VERSION = 5.0;
				TARGETED_DEVICE_FAMILY = "1,2";
				TEST_TARGET_NAME = github_users;
			};
			name = Release;
		};
/* End XCBuildConfiguration section */

/* Begin XCConfigurationList section */
		9C9C2E212C3C7C2A004DEFBD /* Build configuration list for PBXProject "github_users" */ = {
			isa = XCConfigurationList;
			buildConfigurations = (
				9C9C2E482C3C7C2D004DEFBD /* Debug */,
				9C9C2E492C3C7C2D004DEFBD /* Release */,
			);
			defaultConfigurationIsVisible = 0;
			defaultConfigurationName = Release;
		};
		9C9C2E4A2C3C7C2D004DEFBD /* Build configuration list for PBXNativeTarget "github_users" */ = {
			isa = XCConfigurationList;
			buildConfigurations = (
				9C9C2E4B2C3C7C2D004DEFBD /* Debug */,
				9C9C2E4C2C3C7C2D004DEFBD /* Release */,
			);
			defaultConfigurationIsVisible = 0;
			defaultConfigurationName = Release;
		};
		9C9C2E4D2C3C7C2D004DEFBD /* Build configuration list for PBXNativeTarget "github_usersTests" */ = {
			isa = XCConfigurationList;
			buildConfigurations = (
				9C9C2E4E2C3C7C2D004DEFBD /* Debug */,
				9C9C2E4F2C3C7C2D004DEFBD /* Release */,
			);
			defaultConfigurationIsVisible = 0;
			defaultConfigurationName = Release;
		};
		9C9C2E502C3C7C2D004DEFBD /* Build configuration list for PBXNativeTarget "github_usersUITests" */ = {
			isa = XCConfigurationList;
			buildConfigurations = (
				9C9C2E512C3C7C2D004DEFBD /* Debug */,
				9C9C2E522C3C7C2D004DEFBD /* Release */,
			);
			defaultConfigurationIsVisible = 0;
			defaultConfigurationName = Release;
		};
/* End XCConfigurationList section */
	};
	rootObject = 9C9C2E1E2C3C7C2A004DEFBD /* Project object */;
}
